
Microsoft Visual Studio Solution File, Format Version 12.00
# Visual Studio Version 17
VisualStudioVersion = 17.0.32112.339
MinimumVisualStudioVersion = 10.0.40219.1
Project("{FAE04EC0-301F-11D3-BF4B-00C04F79EFBC}") = "FormulaEvaluator", "FormulaEvaluator\FormulaEvaluator.csproj", "{EDA1ED03-BBCF-4258-87F6-8D2A6C000417}"
EndProject
Project("{FAE04EC0-301F-11D3-BF4B-00C04F79EFBC}") = "Test_The_Evaluator_Console_App", "Test_The_Evaluator_Console_App\Test_The_Evaluator_Console_App.csproj", "{DE86A27B-5177-42F3-B3BC-39D3F6FF291E}"
EndProject
Global
	GlobalSection(SolutionConfigurationPlatforms) = preSolution
		Debug|Any CPU = Debug|Any CPU
		Release|Any CPU = Release|Any CPU
	EndGlobalSection
	GlobalSection(ProjectConfigurationPlatforms) = postSolution
		{EDA1ED03-BBCF-4258-87F6-8D2A6C000417}.Debug|Any CPU.ActiveCfg = Debug|Any CPU
		{EDA1ED03-BBCF-4258-87F6-8D2A6C000417}.Debug|Any CPU.Build.0 = Debug|Any CPU
		{EDA1ED03-BBCF-4258-87F6-8D2A6C000417}.Release|Any CPU.ActiveCfg = Release|Any CPU
		{EDA1ED03-BBCF-4258-87F6-8D2A6C000417}.Release|Any CPU.Build.0 = Release|Any CPU
		{DE86A27B-5177-42F3-B3BC-39D3F6FF291E}.Debug|Any CPU.ActiveCfg = Debug|Any CPU
		{DE86A27B-5177-42F3-B3BC-39D3F6FF291E}.Debug|Any CPU.Build.0 = Debug|Any CPU
		{DE86A27B-5177-42F3-B3BC-39D3F6FF291E}.Release|Any CPU.ActiveCfg = Release|Any CPU
		{DE86A27B-5177-42F3-B3BC-39D3F6FF291E}.Release|Any CPU.Build.0 = Release|Any CPU
	EndGlobalSection
	GlobalSection(SolutionProperties) = preSolution
		HideSolutionNode = FALSE
	EndGlobalSection
	GlobalSection(ExtensibilityGlobals) = postSolution
		SolutionGuid = {2F4BF203-FFC4-4D4D-ABAA-A5B070FC9E4D}
	EndGlobalSection
EndGlobal
